
Microsoft Visual Studio Solution File, Format Version 12.00
# Visual Studio 15
Project("{FAE04EC0-301F-11D3-BF4B-00C04F79EFBC}") = "Assembly-CSharp", "Assembly-CSharp.csproj", "{1A831CE3-510B-36FD-E2C1-0540AC80F02D}"
EndProject
Project("{FAE04EC0-301F-11D3-BF4B-00C04F79EFBC}") = "Assembly-CSharp-Editor", "Assembly-CSharp-Editor.csproj", "{B9EBC1E3-CDF7-E423-9AFE-89E1C7102E58}"
EndProject
Global
	GlobalSection(SolutionConfigurationPlatforms) = preSolution
		Debug|Any CPU = Debug|Any CPU
		Release|Any CPU = Release|Any CPU
	EndGlobalSection
	GlobalSection(ProjectConfigurationPlatforms) = postSolution
		{1A831CE3-510B-36FD-E2C1-0540AC80F02D}.Debug|Any CPU.ActiveCfg = Debug|Any CPU
		{1A831CE3-510B-36FD-E2C1-0540AC80F02D}.Debug|Any CPU.Build.0 = Debug|Any CPU
		{1A831CE3-510B-36FD-E2C1-0540AC80F02D}.Release|Any CPU.ActiveCfg = Release|Any CPU
		{1A831CE3-510B-36FD-E2C1-0540AC80F02D}.Release|Any CPU.Build.0 = Release|Any CPU
		{B9EBC1E3-CDF7-E423-9AFE-89E1C7102E58}.Debug|Any CPU.ActiveCfg = Debug|Any CPU
		{B9EBC1E3-CDF7-E423-9AFE-89E1C7102E58}.Debug|Any CPU.Build.0 = Debug|Any CPU
		{B9EBC1E3-CDF7-E423-9AFE-89E1C7102E58}.Release|Any CPU.ActiveCfg = Release|Any CPU
		{B9EBC1E3-CDF7-E423-9AFE-89E1C7102E58}.Release|Any CPU.Build.0 = Release|Any CPU
	EndGlobalSection
	GlobalSection(SolutionProperties) = preSolution
		HideSolutionNode = FALSE
	EndGlobalSection
EndGlobal
